
Microsoft Visual Studio Solution File, Format Version 12.00
# Visual Studio Version 17
VisualStudioVersion = 17.4.33103.184
MinimumVisualStudioVersion = 10.0.40219.1
Project("{888888A0-9F3D-457C-B088-3A5042F75D52}") = "Exam2_Question3_ChristopherHainzl", "Exam2_Question3_ChristopherHainzl\Exam2_Question3_ChristopherHainzl.pyproj", "{C23ABA5E-8695-408B-AF77-9942D1139B95}"
EndProject
Global
	GlobalSection(SolutionConfigurationPlatforms) = preSolution
		Debug|Any CPU = Debug|Any CPU
		Release|Any CPU = Release|Any CPU
	EndGlobalSection
	GlobalSection(ProjectConfigurationPlatforms) = postSolution
		{C23ABA5E-8695-408B-AF77-9942D1139B95}.Debug|Any CPU.ActiveCfg = Debug|Any CPU
		{C23ABA5E-8695-408B-AF77-9942D1139B95}.Release|Any CPU.ActiveCfg = Release|Any CPU
	EndGlobalSection
	GlobalSection(SolutionProperties) = preSolution
		HideSolutionNode = FALSE
	EndGlobalSection
	GlobalSection(ExtensibilityGlobals) = postSolution
		SolutionGuid = {A0C550D8-2847-42AE-B077-AD8A9A1633E4}
	EndGlobalSection
EndGlobal
