
Microsoft Visual Studio Solution File, Format Version 12.00
# Visual Studio Version 17
VisualStudioVersion = 17.4.33205.214
MinimumVisualStudioVersion = 10.0.40219.1
Project("{888888A0-9F3D-457C-B088-3A5042F75D52}") = "FEQuestion1", "FEQuestion1\FEQuestion1.pyproj", "{60080DF6-A2E7-4F7D-8481-A596931D2A7D}"
EndProject
Global
	GlobalSection(SolutionConfigurationPlatforms) = preSolution
		Debug|Any CPU = Debug|Any CPU
		Release|Any CPU = Release|Any CPU
	EndGlobalSection
	GlobalSection(ProjectConfigurationPlatforms) = postSolution
		{60080DF6-A2E7-4F7D-8481-A596931D2A7D}.Debug|Any CPU.ActiveCfg = Debug|Any CPU
		{60080DF6-A2E7-4F7D-8481-A596931D2A7D}.Release|Any CPU.ActiveCfg = Release|Any CPU
	EndGlobalSection
	GlobalSection(SolutionProperties) = preSolution
		HideSolutionNode = FALSE
	EndGlobalSection
	GlobalSection(ExtensibilityGlobals) = postSolution
		SolutionGuid = {03DA9A71-F6A1-42DE-906F-694CD5C4C840}
	EndGlobalSection
EndGlobal
