
Microsoft Visual Studio Solution File, Format Version 12.00
# Visual Studio Version 17
VisualStudioVersion = 17.4.33205.214
MinimumVisualStudioVersion = 10.0.40219.1
Project("{888888A0-9F3D-457C-B088-3A5042F75D52}") = "FEQuestion2", "FEQuestion2\FEQuestion2.pyproj", "{91928FD9-BBF2-44AD-B14D-B0A5A5C1D552}"
EndProject
Global
	GlobalSection(SolutionConfigurationPlatforms) = preSolution
		Debug|Any CPU = Debug|Any CPU
		Release|Any CPU = Release|Any CPU
	EndGlobalSection
	GlobalSection(ProjectConfigurationPlatforms) = postSolution
		{91928FD9-BBF2-44AD-B14D-B0A5A5C1D552}.Debug|Any CPU.ActiveCfg = Debug|Any CPU
		{91928FD9-BBF2-44AD-B14D-B0A5A5C1D552}.Release|Any CPU.ActiveCfg = Release|Any CPU
	EndGlobalSection
	GlobalSection(SolutionProperties) = preSolution
		HideSolutionNode = FALSE
	EndGlobalSection
	GlobalSection(ExtensibilityGlobals) = postSolution
		SolutionGuid = {14AF59CA-3760-4E1F-AF66-58C99F80E64D}
	EndGlobalSection
EndGlobal
