
Microsoft Visual Studio Solution File, Format Version 12.00
# Visual Studio Version 17
VisualStudioVersion = 17.2.32630.192
MinimumVisualStudioVersion = 10.0.40219.1
Project("{888888A0-9F3D-457C-B088-3A5042F75D52}") = "StringPractice", "StringPractice\StringPractice.pyproj", "{64C91598-D280-4CAD-AE4D-648554F2E401}"
EndProject
Global
	GlobalSection(SolutionConfigurationPlatforms) = preSolution
		Debug|Any CPU = Debug|Any CPU
		Release|Any CPU = Release|Any CPU
	EndGlobalSection
	GlobalSection(ProjectConfigurationPlatforms) = postSolution
		{64C91598-D280-4CAD-AE4D-648554F2E401}.Debug|Any CPU.ActiveCfg = Debug|Any CPU
		{64C91598-D280-4CAD-AE4D-648554F2E401}.Release|Any CPU.ActiveCfg = Release|Any CPU
	EndGlobalSection
	GlobalSection(SolutionProperties) = preSolution
		HideSolutionNode = FALSE
	EndGlobalSection
	GlobalSection(ExtensibilityGlobals) = postSolution
		SolutionGuid = {CE12D699-43CA-43CF-80C7-F649498469C0}
	EndGlobalSection
EndGlobal
