
Microsoft Visual Studio Solution File, Format Version 12.00
# Visual Studio Version 17
VisualStudioVersion = 17.2.32630.192
MinimumVisualStudioVersion = 10.0.40219.1
Project("{888888A0-9F3D-457C-B088-3A5042F75D52}") = "Genetics", "Genetics\Genetics.pyproj", "{7141BA60-8617-4DF5-83BC-5BA5F6B04CCF}"
EndProject
Global
	GlobalSection(SolutionConfigurationPlatforms) = preSolution
		Debug|Any CPU = Debug|Any CPU
		Release|Any CPU = Release|Any CPU
	EndGlobalSection
	GlobalSection(ProjectConfigurationPlatforms) = postSolution
		{7141BA60-8617-4DF5-83BC-5BA5F6B04CCF}.Debug|Any CPU.ActiveCfg = Debug|Any CPU
		{7141BA60-8617-4DF5-83BC-5BA5F6B04CCF}.Release|Any CPU.ActiveCfg = Release|Any CPU
	EndGlobalSection
	GlobalSection(SolutionProperties) = preSolution
		HideSolutionNode = FALSE
	EndGlobalSection
	GlobalSection(ExtensibilityGlobals) = postSolution
		SolutionGuid = {1EB4824A-1780-45FE-BBEC-DFB93DB76AAE}
	EndGlobalSection
EndGlobal
